
Microsoft Visual Studio Solution File, Format Version 12.00
# Visual Studio 14
VisualStudioVersion = 14.0.23107.0
MinimumVisualStudioVersion = 10.0.40219.1
Project("{FAE04EC0-301F-11D3-BF4B-00C04F79EFBC}") = "Dominio", "Dominio\Dominio.csproj", "{E8E58EFF-24FA-4A5D-8279-84DA8811A6A7}"
EndProject
Project("{FAE04EC0-301F-11D3-BF4B-00C04F79EFBC}") = "Seedwork", "Seedwork\Seedwork.csproj", "{AA98AE9C-7681-4EFA-8628-72F182DEC46F}"
EndProject
Project("{FAE04EC0-301F-11D3-BF4B-00C04F79EFBC}") = "Infraestrutura", "Infraestrutura\Infraestrutura.csproj", "{94B069A0-3495-4DE6-9EEE-1B8705408D7D}"
EndProject
Project("{FAE04EC0-301F-11D3-BF4B-00C04F79EFBC}") = "FrontEnd", "FrontEnd\FrontEnd.csproj", "{099C9457-B78E-4FCA-A99F-FCD22D98EDC5}"
	ProjectSection(ProjectDependencies) = postProject
		{AA98AE9C-7681-4EFA-8628-72F182DEC46F} = {AA98AE9C-7681-4EFA-8628-72F182DEC46F}
		{94B069A0-3495-4DE6-9EEE-1B8705408D7D} = {94B069A0-3495-4DE6-9EEE-1B8705408D7D}
		{E8E58EFF-24FA-4A5D-8279-84DA8811A6A7} = {E8E58EFF-24FA-4A5D-8279-84DA8811A6A7}
	EndProjectSection
EndProject
Project("{2150E333-8FDC-42A3-9474-1A3956D46DE8}") = "0 - changelog", "0 - changelog", "{AFA1D35B-C41A-44D3-A0A9-FB678F6A9CE2}"
	ProjectSection(SolutionItems) = preProject
		changelog.txt = changelog.txt
	EndProjectSection
EndProject
Project("{2150E333-8FDC-42A3-9474-1A3956D46DE8}") = "1 - Services", "1 - Services", "{D5EF45FD-13F7-49ED-A8DE-FB32A4295603}"
EndProject
Project("{FAE04EC0-301F-11D3-BF4B-00C04F79EFBC}") = "TCCPontoEletronico.AppService", "TCCPontoEletronico.AppService\TCCPontoEletronico.AppService.csproj", "{11DC1820-8A0D-464F-B567-4FBF344DB286}"
EndProject
Project("{2150E333-8FDC-42A3-9474-1A3956D46DE8}") = "6 - Tests", "6 - Tests", "{FB624D04-47A2-4B7E-99F1-7CE5BE562367}"
EndProject
Project("{FAE04EC0-301F-11D3-BF4B-00C04F79EFBC}") = "AppServiceTest", "AppServiceTest\AppServiceTest.csproj", "{0F45303B-32A3-4928-BD0A-1088250CE897}"
EndProject
Project("{FAE04EC0-301F-11D3-BF4B-00C04F79EFBC}") = "DomainTest", "DomainTest\DomainTest.csproj", "{D069E852-19A9-4735-9144-304545BE9430}"
EndProject
Project("{FAE04EC0-301F-11D3-BF4B-00C04F79EFBC}") = "InfrastructureTest", "InfrastructureTest\InfrastructureTest.csproj", "{966E4410-FA13-4A95-B743-6A1B4C8434BF}"
EndProject
Project("{FAE04EC0-301F-11D3-BF4B-00C04F79EFBC}") = "SeedWorkTest", "SeedWorkTest\SeedWorkTest.csproj", "{2DC43626-5904-4AB8-A3DC-A1D50720C975}"
EndProject
Global
	GlobalSection(SolutionConfigurationPlatforms) = preSolution
		Debug|Any CPU = Debug|Any CPU
		Release|Any CPU = Release|Any CPU
	EndGlobalSection
	GlobalSection(ProjectConfigurationPlatforms) = postSolution
		{E8E58EFF-24FA-4A5D-8279-84DA8811A6A7}.Debug|Any CPU.ActiveCfg = Debug|Any CPU
		{E8E58EFF-24FA-4A5D-8279-84DA8811A6A7}.Debug|Any CPU.Build.0 = Debug|Any CPU
		{E8E58EFF-24FA-4A5D-8279-84DA8811A6A7}.Release|Any CPU.ActiveCfg = Release|Any CPU
		{E8E58EFF-24FA-4A5D-8279-84DA8811A6A7}.Release|Any CPU.Build.0 = Release|Any CPU
		{E8E58EFF-24FA-4A5D-8279-84DA8811A6A7}.Release|Any CPU.Deploy.0 = Release|Any CPU
		{AA98AE9C-7681-4EFA-8628-72F182DEC46F}.Debug|Any CPU.ActiveCfg = Debug|Any CPU
		{AA98AE9C-7681-4EFA-8628-72F182DEC46F}.Debug|Any CPU.Build.0 = Debug|Any CPU
		{AA98AE9C-7681-4EFA-8628-72F182DEC46F}.Release|Any CPU.ActiveCfg = Release|Any CPU
		{AA98AE9C-7681-4EFA-8628-72F182DEC46F}.Release|Any CPU.Build.0 = Release|Any CPU
		{94B069A0-3495-4DE6-9EEE-1B8705408D7D}.Debug|Any CPU.ActiveCfg = Debug|Any CPU
		{94B069A0-3495-4DE6-9EEE-1B8705408D7D}.Debug|Any CPU.Build.0 = Debug|Any CPU
		{94B069A0-3495-4DE6-9EEE-1B8705408D7D}.Release|Any CPU.ActiveCfg = Release|Any CPU
		{94B069A0-3495-4DE6-9EEE-1B8705408D7D}.Release|Any CPU.Build.0 = Release|Any CPU
		{099C9457-B78E-4FCA-A99F-FCD22D98EDC5}.Debug|Any CPU.ActiveCfg = Debug|Any CPU
		{099C9457-B78E-4FCA-A99F-FCD22D98EDC5}.Debug|Any CPU.Build.0 = Debug|Any CPU
		{099C9457-B78E-4FCA-A99F-FCD22D98EDC5}.Release|Any CPU.ActiveCfg = Release|Any CPU
		{099C9457-B78E-4FCA-A99F-FCD22D98EDC5}.Release|Any CPU.Build.0 = Release|Any CPU
		{11DC1820-8A0D-464F-B567-4FBF344DB286}.Debug|Any CPU.ActiveCfg = Debug|Any CPU
		{11DC1820-8A0D-464F-B567-4FBF344DB286}.Debug|Any CPU.Build.0 = Debug|Any CPU
		{11DC1820-8A0D-464F-B567-4FBF344DB286}.Release|Any CPU.ActiveCfg = Release|Any CPU
		{11DC1820-8A0D-464F-B567-4FBF344DB286}.Release|Any CPU.Build.0 = Release|Any CPU
		{0F45303B-32A3-4928-BD0A-1088250CE897}.Debug|Any CPU.ActiveCfg = Debug|Any CPU
		{0F45303B-32A3-4928-BD0A-1088250CE897}.Debug|Any CPU.Build.0 = Debug|Any CPU
		{0F45303B-32A3-4928-BD0A-1088250CE897}.Release|Any CPU.ActiveCfg = Release|Any CPU
		{0F45303B-32A3-4928-BD0A-1088250CE897}.Release|Any CPU.Build.0 = Release|Any CPU
		{D069E852-19A9-4735-9144-304545BE9430}.Debug|Any CPU.ActiveCfg = Debug|Any CPU
		{D069E852-19A9-4735-9144-304545BE9430}.Debug|Any CPU.Build.0 = Debug|Any CPU
		{D069E852-19A9-4735-9144-304545BE9430}.Release|Any CPU.ActiveCfg = Release|Any CPU
		{D069E852-19A9-4735-9144-304545BE9430}.Release|Any CPU.Build.0 = Release|Any CPU
		{966E4410-FA13-4A95-B743-6A1B4C8434BF}.Debug|Any CPU.ActiveCfg = Debug|Any CPU
		{966E4410-FA13-4A95-B743-6A1B4C8434BF}.Debug|Any CPU.Build.0 = Debug|Any CPU
		{966E4410-FA13-4A95-B743-6A1B4C8434BF}.Release|Any CPU.ActiveCfg = Release|Any CPU
		{966E4410-FA13-4A95-B743-6A1B4C8434BF}.Release|Any CPU.Build.0 = Release|Any CPU
		{2DC43626-5904-4AB8-A3DC-A1D50720C975}.Debug|Any CPU.ActiveCfg = Debug|Any CPU
		{2DC43626-5904-4AB8-A3DC-A1D50720C975}.Debug|Any CPU.Build.0 = Debug|Any CPU
		{2DC43626-5904-4AB8-A3DC-A1D50720C975}.Release|Any CPU.ActiveCfg = Release|Any CPU
		{2DC43626-5904-4AB8-A3DC-A1D50720C975}.Release|Any CPU.Build.0 = Release|Any CPU
	EndGlobalSection
	GlobalSection(SolutionProperties) = preSolution
		HideSolutionNode = FALSE
	EndGlobalSection
	GlobalSection(NestedProjects) = preSolution
		{11DC1820-8A0D-464F-B567-4FBF344DB286} = {D5EF45FD-13F7-49ED-A8DE-FB32A4295603}
		{0F45303B-32A3-4928-BD0A-1088250CE897} = {FB624D04-47A2-4B7E-99F1-7CE5BE562367}
		{D069E852-19A9-4735-9144-304545BE9430} = {FB624D04-47A2-4B7E-99F1-7CE5BE562367}
		{966E4410-FA13-4A95-B743-6A1B4C8434BF} = {FB624D04-47A2-4B7E-99F1-7CE5BE562367}
		{2DC43626-5904-4AB8-A3DC-A1D50720C975} = {FB624D04-47A2-4B7E-99F1-7CE5BE562367}
	EndGlobalSection
EndGlobal
